
Microsoft Visual Studio Solution File, Format Version 12.00
# Visual Studio 15
VisualStudioVersion = 15.0.27004.2006
MinimumVisualStudioVersion = 10.0.40219.1
Project("{9A19103F-16F7-4668-BE54-9A1E7A4F7556}") = "InMemD8", "InMemD8\InMemD8.csproj", "{41D40E02-9E6E-4CCE-BF57-000E00326FA9}"
EndProject
Project("{FAE04EC0-301F-11D3-BF4B-00C04F79EFBC}") = "XUnitPizzieriaTest", "XUnitPizzieriaTest\XUnitPizzieriaTest.csproj", "{35C11272-2875-461E-85D9-AABDEAF7D8FA}"
EndProject
Global
	GlobalSection(SolutionConfigurationPlatforms) = preSolution
		Debug|Any CPU = Debug|Any CPU
		Release|Any CPU = Release|Any CPU
	EndGlobalSection
	GlobalSection(ProjectConfigurationPlatforms) = postSolution
		{41D40E02-9E6E-4CCE-BF57-000E00326FA9}.Debug|Any CPU.ActiveCfg = Debug|Any CPU
		{41D40E02-9E6E-4CCE-BF57-000E00326FA9}.Debug|Any CPU.Build.0 = Debug|Any CPU
		{41D40E02-9E6E-4CCE-BF57-000E00326FA9}.Release|Any CPU.ActiveCfg = Release|Any CPU
		{41D40E02-9E6E-4CCE-BF57-000E00326FA9}.Release|Any CPU.Build.0 = Release|Any CPU
		{35C11272-2875-461E-85D9-AABDEAF7D8FA}.Debug|Any CPU.ActiveCfg = Debug|Any CPU
		{35C11272-2875-461E-85D9-AABDEAF7D8FA}.Debug|Any CPU.Build.0 = Debug|Any CPU
		{35C11272-2875-461E-85D9-AABDEAF7D8FA}.Release|Any CPU.ActiveCfg = Release|Any CPU
		{35C11272-2875-461E-85D9-AABDEAF7D8FA}.Release|Any CPU.Build.0 = Release|Any CPU
	EndGlobalSection
	GlobalSection(SolutionProperties) = preSolution
		HideSolutionNode = FALSE
	EndGlobalSection
	GlobalSection(ExtensibilityGlobals) = postSolution
		SolutionGuid = {B6417902-2D1A-4291-9C78-AAD3D79DDBEA}
	EndGlobalSection
EndGlobal
